// !$*UTF8*$!
{
	archiveVersion = 1;
	classes = {
	};
	objectVersion = 46;
	objects = {

/* Begin PBXBuildFile section */
		18614E881E02523600E0E967 /* AppDelegate.swift in Sources */ = {isa = PBXBuildFile; fileRef = 18614E871E02523600E0E967 /* AppDelegate.swift */; };
		18614E8A1E02523600E0E967 /* ViewController.swift in Sources */ = {isa = PBXBuildFile; fileRef = 18614E891E02523600E0E967 /* ViewController.swift */; };
		18614E8D1E02523600E0E967 /* Main.storyboard in Resources */ = {isa = PBXBuildFile; fileRef = 18614E8B1E02523600E0E967 /* Main.storyboard */; };
		18614E8F1E02523600E0E967 /* Assets.xcassets in Resources */ = {isa = PBXBuildFile; fileRef = 18614E8E1E02523600E0E967 /* Assets.xcassets */; };
		18614E921E02523600E0E967 /* LaunchScreen.storyboard in Resources */ = {isa = PBXBuildFile; fileRef = 18614E901E02523600E0E967 /* LaunchScreen.storyboard */; };
		B3758AC59F2C134300B26655 /* Pods_QSExtensionSwift.framework in Frameworks */ = {isa = PBXBuildFile; fileRef = 47CEAF04B2CF0DA073FA4F57 /* Pods_QSExtensionSwift.framework */; };
		BFD372ED1E17842300F29E1D /* CALayer+Sublayer.swift in Sources */ = {isa = PBXBuildFile; fileRef = BFD372C91E17842300F29E1D /* CALayer+Sublayer.swift */; };
		BFD372EE1E17842300F29E1D /* NSArray+String.swift in Sources */ = {isa = PBXBuildFile; fileRef = BFD372CA1E17842300F29E1D /* NSArray+String.swift */; };
		BFD372EF1E17842300F29E1D /* NSData+String.swift in Sources */ = {isa = PBXBuildFile; fileRef = BFD372CB1E17842300F29E1D /* NSData+String.swift */; };
		BFD372F01E17842300F29E1D /* Date+Components.swift in Sources */ = {isa = PBXBuildFile; fileRef = BFD372CC1E17842300F29E1D /* Date+Components.swift */; };
		BFD372F11E17842300F29E1D /* NSDictionary+Json.swift in Sources */ = {isa = PBXBuildFile; fileRef = BFD372CD1E17842300F29E1D /* NSDictionary+Json.swift */; };
		BFD372F21E17842300F29E1D /* NSNumber+ Converte.swift in Sources */ = {isa = PBXBuildFile; fileRef = BFD372CE1E17842300F29E1D /* NSNumber+ Converte.swift */; };
		BFD372F31E17842300F29E1D /* NSObject+Class.swift in Sources */ = {isa = PBXBuildFile; fileRef = BFD372CF1E17842300F29E1D /* NSObject+Class.swift */; };
		BFD372F41E17842300F29E1D /* String+Json.swift in Sources */ = {isa = PBXBuildFile; fileRef = BFD372D01E17842300F29E1D /* String+Json.swift */; };
		BFD372F51E17842300F29E1D /* String+Security.swift in Sources */ = {isa = PBXBuildFile; fileRef = BFD372D11E17842300F29E1D /* String+Security.swift */; };
		BFD372F61E17842300F29E1D /* String+Size.swift in Sources */ = {isa = PBXBuildFile; fileRef = BFD372D21E17842300F29E1D /* String+Size.swift */; };
		BFD372F71E17842300F29E1D /* String+Substring.swift in Sources */ = {isa = PBXBuildFile; fileRef = BFD372D31E17842300F29E1D /* String+Substring.swift */; };
		BFD372F81E17842300F29E1D /* String+Verification.swift in Sources */ = {isa = PBXBuildFile; fileRef = BFD372D41E17842300F29E1D /* String+Verification.swift */; };
		BFD372F91E17842300F29E1D /* UIColor+ST.swift in Sources */ = {isa = PBXBuildFile; fileRef = BFD372D51E17842300F29E1D /* UIColor+ST.swift */; };
		BFD372FA1E17842300F29E1D /* UIImage+Cache.swift in Sources */ = {isa = PBXBuildFile; fileRef = BFD372D61E17842300F29E1D /* UIImage+Cache.swift */; };
		BFD372FB1E17842300F29E1D /* UIImage+Color.swift in Sources */ = {isa = PBXBuildFile; fileRef = BFD372D71E17842300F29E1D /* UIImage+Color.swift */; };
		BFD372FC1E17842300F29E1D /* UIImage+Resize.swift in Sources */ = {isa = PBXBuildFile; fileRef = BFD372D81E17842300F29E1D /* UIImage+Resize.swift */; };
		BFD372FD1E17842300F29E1D /* UIImage+RoundCorner.swift in Sources */ = {isa = PBXBuildFile; fileRef = BFD372D91E17842300F29E1D /* UIImage+RoundCorner.swift */; };
		BFD372FE1E17842300F29E1D /* UIImageView+OSS.swift in Sources */ = {isa = PBXBuildFile; fileRef = BFD372DA1E17842300F29E1D /* UIImageView+OSS.swift */; };
		BFD372FF1E17842300F29E1D /* UILabel+Size.swift in Sources */ = {isa = PBXBuildFile; fileRef = BFD372DB1E17842300F29E1D /* UILabel+Size.swift */; };
		BFD373001E17842300F29E1D /* UILabel+Style.swift in Sources */ = {isa = PBXBuildFile; fileRef = BFD372DC1E17842300F29E1D /* UILabel+Style.swift */; };
		BFD373011E17842300F29E1D /* UILabel+Text.swift in Sources */ = {isa = PBXBuildFile; fileRef = BFD372DD1E17842300F29E1D /* UILabel+Text.swift */; };
		BFD373021E17842300F29E1D /* UINavigationController+Navigation.swift in Sources */ = {isa = PBXBuildFile; fileRef = BFD372DE1E17842300F29E1D /* UINavigationController+Navigation.swift */; };
		BFD373031E17842300F29E1D /* UISearchBar+Style.swift in Sources */ = {isa = PBXBuildFile; fileRef = BFD372DF1E17842300F29E1D /* UISearchBar+Style.swift */; };
		BFD373041E17842300F29E1D /* UITabBarController+TabBar.swift in Sources */ = {isa = PBXBuildFile; fileRef = BFD372E01E17842300F29E1D /* UITabBarController+TabBar.swift */; };
		BFD373051E17842300F29E1D /* UITableViewCell+Style.swift in Sources */ = {isa = PBXBuildFile; fileRef = BFD372E11E17842300F29E1D /* UITableViewCell+Style.swift */; };
		BFD373061E17842300F29E1D /* UITextField+Text.swift in Sources */ = {isa = PBXBuildFile; fileRef = BFD372E21E17842300F29E1D /* UITextField+Text.swift */; };
		BFD373071E17842300F29E1D /* UITextView+Text.swift in Sources */ = {isa = PBXBuildFile; fileRef = BFD372E31E17842300F29E1D /* UITextView+Text.swift */; };
		BFD373081E17842300F29E1D /* UIView+Appearance.swift in Sources */ = {isa = PBXBuildFile; fileRef = BFD372E41E17842300F29E1D /* UIView+Appearance.swift */; };
		BFD373091E17842300F29E1D /* UIView+Constaint.swift in Sources */ = {isa = PBXBuildFile; fileRef = BFD372E51E17842300F29E1D /* UIView+Constaint.swift */; };
		BFD3730A1E17842300F29E1D /* UIView+Frame.swift in Sources */ = {isa = PBXBuildFile; fileRef = BFD372E61E17842300F29E1D /* UIView+Frame.swift */; };
		BFD3730B1E17842300F29E1D /* UIView+Subview.swift in Sources */ = {isa = PBXBuildFile; fileRef = BFD372E71E17842300F29E1D /* UIView+Subview.swift */; };
		BFD3730C1E17842300F29E1D /* UIView+Tap.swift in Sources */ = {isa = PBXBuildFile; fileRef = BFD372E81E17842300F29E1D /* UIView+Tap.swift */; };
		BFD3730D1E17842300F29E1D /* UIView+Toast.swift in Sources */ = {isa = PBXBuildFile; fileRef = BFD372E91E17842300F29E1D /* UIView+Toast.swift */; };
		BFD3730E1E17842300F29E1D /* UIViewController+Navigation.swift in Sources */ = {isa = PBXBuildFile; fileRef = BFD372EA1E17842300F29E1D /* UIViewController+Navigation.swift */; };
		BFD373101E17842300F29E1D /* UIViewController+Toast.swift in Sources */ = {isa = PBXBuildFile; fileRef = BFD372EC1E17842300F29E1D /* UIViewController+Toast.swift */; };
/* End PBXBuildFile section */

/* Begin PBXFileReference section */
		18614E841E02523600E0E967 /* QSExtensionSwift.app */ = {isa = PBXFileReference; explicitFileType = wrapper.application; includeInIndex = 0; path = QSExtensionSwift.app; sourceTree = BUILT_PRODUCTS_DIR; };
		18614E871E02523600E0E967 /* AppDelegate.swift */ = {isa = PBXFileReference; lastKnownFileType = sourcecode.swift; path = AppDelegate.swift; sourceTree = "<group>"; };
		18614E891E02523600E0E967 /* ViewController.swift */ = {isa = PBXFileReference; lastKnownFileType = sourcecode.swift; path = ViewController.swift; sourceTree = "<group>"; };
		18614E8C1E02523600E0E967 /* Base */ = {isa = PBXFileReference; lastKnownFileType = file.storyboard; name = Base; path = Base.lproj/Main.storyboard; sourceTree = "<group>"; };
		18614E8E1E02523600E0E967 /* Assets.xcassets */ = {isa = PBXFileReference; lastKnownFileType = folder.assetcatalog; path = Assets.xcassets; sourceTree = "<group>"; };
		18614E911E02523600E0E967 /* Base */ = {isa = PBXFileReference; lastKnownFileType = file.storyboard; name = Base; path = Base.lproj/LaunchScreen.storyboard; sourceTree = "<group>"; };
		18614E931E02523600E0E967 /* Info.plist */ = {isa = PBXFileReference; lastKnownFileType = text.plist.xml; path = Info.plist; sourceTree = "<group>"; };
		47CB6FEA9C32367795623B98 /* Pods-QSExtensionSwift.release.xcconfig */ = {isa = PBXFileReference; includeInIndex = 1; lastKnownFileType = text.xcconfig; name = "Pods-QSExtensionSwift.release.xcconfig"; path = "Pods/Target Support Files/Pods-QSExtensionSwift/Pods-QSExtensionSwift.release.xcconfig"; sourceTree = "<group>"; };
		47CEAF04B2CF0DA073FA4F57 /* Pods_QSExtensionSwift.framework */ = {isa = PBXFileReference; explicitFileType = wrapper.framework; includeInIndex = 0; path = Pods_QSExtensionSwift.framework; sourceTree = BUILT_PRODUCTS_DIR; };
		BFD372C91E17842300F29E1D /* CALayer+Sublayer.swift */ = {isa = PBXFileReference; fileEncoding = 4; lastKnownFileType = sourcecode.swift; path = "CALayer+Sublayer.swift"; sourceTree = "<group>"; };
		BFD372CA1E17842300F29E1D /* NSArray+String.swift */ = {isa = PBXFileReference; fileEncoding = 4; lastKnownFileType = sourcecode.swift; path = "NSArray+String.swift"; sourceTree = "<group>"; };
		BFD372CB1E17842300F29E1D /* NSData+String.swift */ = {isa = PBXFileReference; fileEncoding = 4; lastKnownFileType = sourcecode.swift; path = "NSData+String.swift"; sourceTree = "<group>"; };
		BFD372CC1E17842300F29E1D /* Date+Components.swift */ = {isa = PBXFileReference; fileEncoding = 4; lastKnownFileType = sourcecode.swift; path = "Date+Components.swift"; sourceTree = "<group>"; };
		BFD372CD1E17842300F29E1D /* NSDictionary+Json.swift */ = {isa = PBXFileReference; fileEncoding = 4; lastKnownFileType = sourcecode.swift; path = "NSDictionary+Json.swift"; sourceTree = "<group>"; };
		BFD372CE1E17842300F29E1D /* NSNumber+ Converte.swift */ = {isa = PBXFileReference; fileEncoding = 4; lastKnownFileType = sourcecode.swift; path = "NSNumber+ Converte.swift"; sourceTree = "<group>"; };
		BFD372CF1E17842300F29E1D /* NSObject+Class.swift */ = {isa = PBXFileReference; fileEncoding = 4; lastKnownFileType = sourcecode.swift; path = "NSObject+Class.swift"; sourceTree = "<group>"; };
		BFD372D01E17842300F29E1D /* String+Json.swift */ = {isa = PBXFileReference; fileEncoding = 4; lastKnownFileType = sourcecode.swift; path = "String+Json.swift"; sourceTree = "<group>"; };
		BFD372D11E17842300F29E1D /* String+Security.swift */ = {isa = PBXFileReference; fileEncoding = 4; lastKnownFileType = sourcecode.swift; path = "String+Security.swift"; sourceTree = "<group>"; };
		BFD372D21E17842300F29E1D /* String+Size.swift */ = {isa = PBXFileReference; fileEncoding = 4; lastKnownFileType = sourcecode.swift; path = "String+Size.swift"; sourceTree = "<group>"; };
		BFD372D31E17842300F29E1D /* String+Substring.swift */ = {isa = PBXFileReference; fileEncoding = 4; lastKnownFileType = sourcecode.swift; path = "String+Substring.swift"; sourceTree = "<group>"; };
		BFD372D41E17842300F29E1D /* String+Verification.swift */ = {isa = PBXFileReference; fileEncoding = 4; lastKnownFileType = sourcecode.swift; path = "String+Verification.swift"; sourceTree = "<group>"; };
		BFD372D51E17842300F29E1D /* UIColor+ST.swift */ = {isa = PBXFileReference; fileEncoding = 4; lastKnownFileType = sourcecode.swift; path = "UIColor+ST.swift"; sourceTree = "<group>"; };
		BFD372D61E17842300F29E1D /* UIImage+Cache.swift */ = {isa = PBXFileReference; fileEncoding = 4; lastKnownFileType = sourcecode.swift; path = "UIImage+Cache.swift"; sourceTree = "<group>"; };
		BFD372D71E17842300F29E1D /* UIImage+Color.swift */ = {isa = PBXFileReference; fileEncoding = 4; lastKnownFileType = sourcecode.swift; path = "UIImage+Color.swift"; sourceTree = "<group>"; };
		BFD372D81E17842300F29E1D /* UIImage+Resize.swift */ = {isa = PBXFileReference; fileEncoding = 4; lastKnownFileType = sourcecode.swift; path = "UIImage+Resize.swift"; sourceTree = "<group>"; };
		BFD372D91E17842300F29E1D /* UIImage+RoundCorner.swift */ = {isa = PBXFileReference; fileEncoding = 4; lastKnownFileType = sourcecode.swift; path = "UIImage+RoundCorner.swift"; sourceTree = "<group>"; };
		BFD372DA1E17842300F29E1D /* UIImageView+OSS.swift */ = {isa = PBXFileReference; fileEncoding = 4; lastKnownFileType = sourcecode.swift; path = "UIImageView+OSS.swift"; sourceTree = "<group>"; };
		BFD372DB1E17842300F29E1D /* UILabel+Size.swift */ = {isa = PBXFileReference; fileEncoding = 4; lastKnownFileType = sourcecode.swift; path = "UILabel+Size.swift"; sourceTree = "<group>"; };
		BFD372DC1E17842300F29E1D /* UILabel+Style.swift */ = {isa = PBXFileReference; fileEncoding = 4; lastKnownFileType = sourcecode.swift; path = "UILabel+Style.swift"; sourceTree = "<group>"; };
		BFD372DD1E17842300F29E1D /* UILabel+Text.swift */ = {isa = PBXFileReference; fileEncoding = 4; lastKnownFileType = sourcecode.swift; path = "UILabel+Text.swift"; sourceTree = "<group>"; };
		BFD372DE1E17842300F29E1D /* UINavigationController+Navigation.swift */ = {isa = PBXFileReference; fileEncoding = 4; lastKnownFileType = sourcecode.swift; path = "UINavigationController+Navigation.swift"; sourceTree = "<group>"; };
		BFD372DF1E17842300F29E1D /* UISearchBar+Style.swift */ = {isa = PBXFileReference; fileEncoding = 4; lastKnownFileType = sourcecode.swift; path = "UISearchBar+Style.swift"; sourceTree = "<group>"; };
		BFD372E01E17842300F29E1D /* UITabBarController+TabBar.swift */ = {isa = PBXFileReference; fileEncoding = 4; lastKnownFileType = sourcecode.swift; path = "UITabBarController+TabBar.swift"; sourceTree = "<group>"; };
		BFD372E11E17842300F29E1D /* UITableViewCell+Style.swift */ = {isa = PBXFileReference; fileEncoding = 4; lastKnownFileType = sourcecode.swift; path = "UITableViewCell+Style.swift"; sourceTree = "<group>"; };
		BFD372E21E17842300F29E1D /* UITextField+Text.swift */ = {isa = PBXFileReference; fileEncoding = 4; lastKnownFileType = sourcecode.swift; path = "UITextField+Text.swift"; sourceTree = "<group>"; };
		BFD372E31E17842300F29E1D /* UITextView+Text.swift */ = {isa = PBXFileReference; fileEncoding = 4; lastKnownFileType = sourcecode.swift; path = "UITextView+Text.swift"; sourceTree = "<group>"; };
		BFD372E41E17842300F29E1D /* UIView+Appearance.swift */ = {isa = PBXFileReference; fileEncoding = 4; lastKnownFileType = sourcecode.swift; path = "UIView+Appearance.swift"; sourceTree = "<group>"; };
		BFD372E51E17842300F29E1D /* UIView+Constaint.swift */ = {isa = PBXFileReference; fileEncoding = 4; lastKnownFileType = sourcecode.swift; path = "UIView+Constaint.swift"; sourceTree = "<group>"; };
		BFD372E61E17842300F29E1D /* UIView+Frame.swift */ = {isa = PBXFileReference; fileEncoding = 4; lastKnownFileType = sourcecode.swift; path = "UIView+Frame.swift"; sourceTree = "<group>"; };
		BFD372E71E17842300F29E1D /* UIView+Subview.swift */ = {isa = PBXFileReference; fileEncoding = 4; lastKnownFileType = sourcecode.swift; path = "UIView+Subview.swift"; sourceTree = "<group>"; };
		BFD372E81E17842300F29E1D /* UIView+Tap.swift */ = {isa = PBXFileReference; fileEncoding = 4; lastKnownFileType = sourcecode.swift; path = "UIView+Tap.swift"; sourceTree = "<group>"; };
		BFD372E91E17842300F29E1D /* UIView+Toast.swift */ = {isa = PBXFileReference; fileEncoding = 4; lastKnownFileType = sourcecode.swift; path = "UIView+Toast.swift"; sourceTree = "<group>"; };
		BFD372EA1E17842300F29E1D /* UIViewController+Navigation.swift */ = {isa = PBXFileReference; fileEncoding = 4; lastKnownFileType = sourcecode.swift; path = "UIViewController+Navigation.swift"; sourceTree = "<group>"; };
		BFD372EC1E17842300F29E1D /* UIViewController+Toast.swift */ = {isa = PBXFileReference; fileEncoding = 4; lastKnownFileType = sourcecode.swift; path = "UIViewController+Toast.swift"; sourceTree = "<group>"; };
		C44C8288073DDEE52CA2E654 /* Pods-QSExtensionSwift.debug.xcconfig */ = {isa = PBXFileReference; includeInIndex = 1; lastKnownFileType = text.xcconfig; name = "Pods-QSExtensionSwift.debug.xcconfig"; path = "Pods/Target Support Files/Pods-QSExtensionSwift/Pods-QSExtensionSwift.debug.xcconfig"; sourceTree = "<group>"; };
/* End PBXFileReference section */

/* Begin PBXFrameworksBuildPhase section */
		18614E811E02523600E0E967 /* Frameworks */ = {
			isa = PBXFrameworksBuildPhase;
			buildActionMask = 2147483647;
			files = (
				B3758AC59F2C134300B26655 /* Pods_QSExtensionSwift.framework in Frameworks */,
			);
			runOnlyForDeploymentPostprocessing = 0;
		};
/* End PBXFrameworksBuildPhase section */

/* Begin PBXGroup section */
		18614E7B1E02523600E0E967 = {
			isa = PBXGroup;
			children = (
				18614E861E02523600E0E967 /* QSExtensionSwift */,
				18614E851E02523600E0E967 /* Products */,
				FB0E4B8AF4C4E5DBF0A4D7ED /* Pods */,
				25361ED41A5F06DC38366370 /* Frameworks */,
			);
			sourceTree = "<group>";
		};
		18614E851E02523600E0E967 /* Products */ = {
			isa = PBXGroup;
			children = (
				18614E841E02523600E0E967 /* QSExtensionSwift.app */,
			);
			name = Products;
			sourceTree = "<group>";
		};
		18614E861E02523600E0E967 /* QSExtensionSwift */ = {
			isa = PBXGroup;
			children = (
				BFD372C81E17842300F29E1D /* Classes */,
				18614E871E02523600E0E967 /* AppDelegate.swift */,
				18614E891E02523600E0E967 /* ViewController.swift */,
				18614E8B1E02523600E0E967 /* Main.storyboard */,
				18614E8E1E02523600E0E967 /* Assets.xcassets */,
				18614E901E02523600E0E967 /* LaunchScreen.storyboard */,
				18614E931E02523600E0E967 /* Info.plist */,
			);
			name = QSExtensionSwift;
			path = "test-searchview-swift";
			sourceTree = "<group>";
		};
		25361ED41A5F06DC38366370 /* Frameworks */ = {
			isa = PBXGroup;
			children = (
				47CEAF04B2CF0DA073FA4F57 /* Pods_QSExtensionSwift.framework */,
			);
			name = Frameworks;
			sourceTree = "<group>";
		};
		BFD372C81E17842300F29E1D /* Classes */ = {
			isa = PBXGroup;
			children = (
				BFD372C91E17842300F29E1D /* CALayer+Sublayer.swift */,
				BFD372CC1E17842300F29E1D /* Date+Components.swift */,
				BFD372CA1E17842300F29E1D /* NSArray+String.swift */,
				BFD372CB1E17842300F29E1D /* NSData+String.swift */,
				BFD372CD1E17842300F29E1D /* NSDictionary+Json.swift */,
				BFD372CE1E17842300F29E1D /* NSNumber+ Converte.swift */,
				BFD372CF1E17842300F29E1D /* NSObject+Class.swift */,
				BFD372D01E17842300F29E1D /* String+Json.swift */,
				BFD372D11E17842300F29E1D /* String+Security.swift */,
				BFD372D21E17842300F29E1D /* String+Size.swift */,
				BFD372D31E17842300F29E1D /* String+Substring.swift */,
				BFD372D41E17842300F29E1D /* String+Verification.swift */,
				BFD372D51E17842300F29E1D /* UIColor+ST.swift */,
				BFD372D61E17842300F29E1D /* UIImage+Cache.swift */,
				BFD372D71E17842300F29E1D /* UIImage+Color.swift */,
				BFD372D81E17842300F29E1D /* UIImage+Resize.swift */,
				BFD372D91E17842300F29E1D /* UIImage+RoundCorner.swift */,
				BFD372DA1E17842300F29E1D /* UIImageView+OSS.swift */,
				BFD372DB1E17842300F29E1D /* UILabel+Size.swift */,
				BFD372DC1E17842300F29E1D /* UILabel+Style.swift */,
				BFD372DD1E17842300F29E1D /* UILabel+Text.swift */,
				BFD372DE1E17842300F29E1D /* UINavigationController+Navigation.swift */,
				BFD372E01E17842300F29E1D /* UITabBarController+TabBar.swift */,
				BFD372E11E17842300F29E1D /* UITableViewCell+Style.swift */,
				BFD372DF1E17842300F29E1D /* UISearchBar+Style.swift */,
				BFD372E21E17842300F29E1D /* UITextField+Text.swift */,
				BFD372E31E17842300F29E1D /* UITextView+Text.swift */,
				BFD372E41E17842300F29E1D /* UIView+Appearance.swift */,
				BFD372E51E17842300F29E1D /* UIView+Constaint.swift */,
				BFD372E61E17842300F29E1D /* UIView+Frame.swift */,
				BFD372E71E17842300F29E1D /* UIView+Subview.swift */,
				BFD372E81E17842300F29E1D /* UIView+Tap.swift */,
				BFD372E91E17842300F29E1D /* UIView+Toast.swift */,
				BFD372EA1E17842300F29E1D /* UIViewController+Navigation.swift */,
				BFD372EC1E17842300F29E1D /* UIViewController+Toast.swift */,
			);
			path = Classes;
			sourceTree = SOURCE_ROOT;
		};
		FB0E4B8AF4C4E5DBF0A4D7ED /* Pods */ = {
			isa = PBXGroup;
			children = (
				C44C8288073DDEE52CA2E654 /* Pods-QSExtensionSwift.debug.xcconfig */,
				47CB6FEA9C32367795623B98 /* Pods-QSExtensionSwift.release.xcconfig */,
			);
			name = Pods;
			sourceTree = "<group>";
		};
/* End PBXGroup section */

/* Begin PBXNativeTarget section */
		18614E831E02523600E0E967 /* QSExtensionSwift */ = {
			isa = PBXNativeTarget;
			buildConfigurationList = 18614E961E02523600E0E967 /* Build configuration list for PBXNativeTarget "QSExtensionSwift" */;
			buildPhases = (
				4048740C4C363D3E378612E5 /* [CP] Check Pods Manifest.lock */,
				18614E801E02523600E0E967 /* Sources */,
				18614E811E02523600E0E967 /* Frameworks */,
				18614E821E02523600E0E967 /* Resources */,
				FA94CED420E37369EE87C350 /* [CP] Embed Pods Frameworks */,
				350A13DFCDD2DBA5DC9AB4F6 /* [CP] Copy Pods Resources */,
			);
			buildRules = (
			);
			dependencies = (
			);
			name = QSExtensionSwift;
			productName = "test-searchview-swift";
			productReference = 18614E841E02523600E0E967 /* QSExtensionSwift.app */;
			productType = "com.apple.product-type.application";
		};
/* End PBXNativeTarget section */

/* Begin PBXProject section */
		18614E7C1E02523600E0E967 /* Project object */ = {
			isa = PBXProject;
			attributes = {
				LastSwiftUpdateCheck = 0810;
				LastUpgradeCheck = 0810;
				ORGANIZATIONNAME = huangqingsong;
				TargetAttributes = {
					18614E831E02523600E0E967 = {
						CreatedOnToolsVersion = 8.1;
						DevelopmentTeam = Y6KJ5Z4R4Z;
						ProvisioningStyle = Automatic;
					};
				};
			};
			buildConfigurationList = 18614E7F1E02523600E0E967 /* Build configuration list for PBXProject "QSExtensionSwift" */;
			compatibilityVersion = "Xcode 3.2";
			developmentRegion = English;
			hasScannedForEncodings = 0;
			knownRegions = (
				en,
				Base,
			);
			mainGroup = 18614E7B1E02523600E0E967;
			productRefGroup = 18614E851E02523600E0E967 /* Products */;
			projectDirPath = "";
			projectRoot = "";
			targets = (
				18614E831E02523600E0E967 /* QSExtensionSwift */,
			);
		};
/* End PBXProject section */

/* Begin PBXResourcesBuildPhase section */
		18614E821E02523600E0E967 /* Resources */ = {
			isa = PBXResourcesBuildPhase;
			buildActionMask = 2147483647;
			files = (
				18614E921E02523600E0E967 /* LaunchScreen.storyboard in Resources */,
				18614E8F1E02523600E0E967 /* Assets.xcassets in Resources */,
				18614E8D1E02523600E0E967 /* Main.storyboard in Resources */,
			);
			runOnlyForDeploymentPostprocessing = 0;
		};
/* End PBXResourcesBuildPhase section */

/* Begin PBXShellScriptBuildPhase section */
		350A13DFCDD2DBA5DC9AB4F6 /* [CP] Copy Pods Resources */ = {
			isa = PBXShellScriptBuildPhase;
			buildActionMask = 2147483647;
			files = (
			);
			inputPaths = (
			);
			name = "[CP] Copy Pods Resources";
			outputPaths = (
			);
			runOnlyForDeploymentPostprocessing = 0;
			shellPath = /bin/sh;
			shellScript = "\"${SRCROOT}/Pods/Target Support Files/Pods-QSExtensionSwift/Pods-QSExtensionSwift-resources.sh\"\n";
			showEnvVarsInLog = 0;
		};
		4048740C4C363D3E378612E5 /* [CP] Check Pods Manifest.lock */ = {
			isa = PBXShellScriptBuildPhase;
			buildActionMask = 2147483647;
			files = (
			);
			inputPaths = (
			);
			name = "[CP] Check Pods Manifest.lock";
			outputPaths = (
			);
			runOnlyForDeploymentPostprocessing = 0;
			shellPath = /bin/sh;
			shellScript = "diff \"${PODS_ROOT}/../Podfile.lock\" \"${PODS_ROOT}/Manifest.lock\" > /dev/null\nif [ $? != 0 ] ; then\n    # print error to STDERR\n    echo \"error: The sandbox is not in sync with the Podfile.lock. Run 'pod install' or update your CocoaPods installation.\" >&2\n    exit 1\nfi\n";
			showEnvVarsInLog = 0;
		};
		FA94CED420E37369EE87C350 /* [CP] Embed Pods Frameworks */ = {
			isa = PBXShellScriptBuildPhase;
			buildActionMask = 2147483647;
			files = (
			);
			inputPaths = (
			);
			name = "[CP] Embed Pods Frameworks";
			outputPaths = (
			);
			runOnlyForDeploymentPostprocessing = 0;
			shellPath = /bin/sh;
			shellScript = "\"${SRCROOT}/Pods/Target Support Files/Pods-QSExtensionSwift/Pods-QSExtensionSwift-frameworks.sh\"\n";
			showEnvVarsInLog = 0;
		};
/* End PBXShellScriptBuildPhase section */

/* Begin PBXSourcesBuildPhase section */
		18614E801E02523600E0E967 /* Sources */ = {
			isa = PBXSourcesBuildPhase;
			buildActionMask = 2147483647;
			files = (
				BFD372F91E17842300F29E1D /* UIColor+ST.swift in Sources */,
				BFD3730D1E17842300F29E1D /* UIView+Toast.swift in Sources */,
				BFD372F51E17842300F29E1D /* String+Security.swift in Sources */,
				BFD372F61E17842300F29E1D /* String+Size.swift in Sources */,
				BFD372EF1E17842300F29E1D /* NSData+String.swift in Sources */,
				BFD373061E17842300F29E1D /* UITextField+Text.swift in Sources */,
				18614E8A1E02523600E0E967 /* ViewController.swift in Sources */,
				BFD3730C1E17842300F29E1D /* UIView+Tap.swift in Sources */,
				BFD373011E17842300F29E1D /* UILabel+Text.swift in Sources */,
				BFD372FC1E17842300F29E1D /* UIImage+Resize.swift in Sources */,
				BFD373101E17842300F29E1D /* UIViewController+Toast.swift in Sources */,
				BFD373021E17842300F29E1D /* UINavigationController+Navigation.swift in Sources */,
				BFD372F31E17842300F29E1D /* NSObject+Class.swift in Sources */,
				BFD3730E1E17842300F29E1D /* UIViewController+Navigation.swift in Sources */,
				BFD373031E17842300F29E1D /* UISearchBar+Style.swift in Sources */,
				BFD372F81E17842300F29E1D /* String+Verification.swift in Sources */,
				BFD372F01E17842300F29E1D /* Date+Components.swift in Sources */,
				BFD372F11E17842300F29E1D /* NSDictionary+Json.swift in Sources */,
				BFD372EE1E17842300F29E1D /* NSArray+String.swift in Sources */,
				BFD372FF1E17842300F29E1D /* UILabel+Size.swift in Sources */,
				BFD372F41E17842300F29E1D /* String+Json.swift in Sources */,
				BFD372FE1E17842300F29E1D /* UIImageView+OSS.swift in Sources */,
				BFD372F71E17842300F29E1D /* String+Substring.swift in Sources */,
				BFD3730B1E17842300F29E1D /* UIView+Subview.swift in Sources */,
				BFD372FD1E17842300F29E1D /* UIImage+RoundCorner.swift in Sources */,
				BFD373041E17842300F29E1D /* UITabBarController+TabBar.swift in Sources */,
				BFD372ED1E17842300F29E1D /* CALayer+Sublayer.swift in Sources */,
				BFD372F21E17842300F29E1D /* NSNumber+ Converte.swift in Sources */,
				BFD372FA1E17842300F29E1D /* UIImage+Cache.swift in Sources */,
				18614E881E02523600E0E967 /* AppDelegate.swift in Sources */,
				BFD373001E17842300F29E1D /* UILabel+Style.swift in Sources */,
				BFD373071E17842300F29E1D /* UITextView+Text.swift in Sources */,
				BFD373051E17842300F29E1D /* UITableViewCell+Style.swift in Sources */,
				BFD3730A1E17842300F29E1D /* UIView+Frame.swift in Sources */,
				BFD373081E17842300F29E1D /* UIView+Appearance.swift in Sources */,
				BFD373091E17842300F29E1D /* UIView+Constaint.swift in Sources */,
				BFD372FB1E17842300F29E1D /* UIImage+Color.swift in Sources */,
			);
			runOnlyForDeploymentPostprocessing = 0;
		};
/* End PBXSourcesBuildPhase section */

/* Begin PBXVariantGroup section */
		18614E8B1E02523600E0E967 /* Main.storyboard */ = {
			isa = PBXVariantGroup;
			children = (
				18614E8C1E02523600E0E967 /* Base */,
			);
			name = Main.storyboard;
			sourceTree = "<group>";
		};
		18614E901E02523600E0E967 /* LaunchScreen.storyboard */ = {
			isa = PBXVariantGroup;
			children = (
				18614E911E02523600E0E967 /* Base */,
			);
			name = LaunchScreen.storyboard;
			sourceTree = "<group>";
		};
/* End PBXVariantGroup section */

/* Begin XCBuildConfiguration section */
		18614E941E02523600E0E967 /* Debug */ = {
			isa = XCBuildConfiguration;
			buildSettings = {
				ALWAYS_SEARCH_USER_PATHS = NO;
				CLANG_ANALYZER_NONNULL = YES;
				CLANG_CXX_LANGUAGE_STANDARD = "gnu++0x";
				CLANG_CXX_LIBRARY = "libc++";
				CLANG_ENABLE_MODULES = YES;
				CLANG_ENABLE_OBJC_ARC = YES;
				CLANG_WARN_BOOL_CONVERSION = YES;
				CLANG_WARN_CONSTANT_CONVERSION = YES;
				CLANG_WARN_DIRECT_OBJC_ISA_USAGE = YES_ERROR;
				CLANG_WARN_DOCUMENTATION_COMMENTS = YES;
				CLANG_WARN_EMPTY_BODY = YES;
				CLANG_WARN_ENUM_CONVERSION = YES;
				CLANG_WARN_INFINITE_RECURSION = YES;
				CLANG_WARN_INT_CONVERSION = YES;
				CLANG_WARN_OBJC_ROOT_CLASS = YES_ERROR;
				CLANG_WARN_SUSPICIOUS_MOVES = YES;
				CLANG_WARN_UNREACHABLE_CODE = YES;
				CLANG_WARN__DUPLICATE_METHOD_MATCH = YES;
				"CODE_SIGN_IDENTITY[sdk=iphoneos*]" = "iPhone Developer";
				COPY_PHASE_STRIP = NO;
				DEBUG_INFORMATION_FORMAT = dwarf;
				ENABLE_STRICT_OBJC_MSGSEND = YES;
				ENABLE_TESTABILITY = YES;
				GCC_C_LANGUAGE_STANDARD = gnu99;
				GCC_DYNAMIC_NO_PIC = NO;
				GCC_NO_COMMON_BLOCKS = YES;
				GCC_OPTIMIZATION_LEVEL = 0;
				GCC_PREPROCESSOR_DEFINITIONS = (
					"DEBUG=1",
					"$(inherited)",
				);
				GCC_WARN_64_TO_32_BIT_CONVERSION = YES;
				GCC_WARN_ABOUT_RETURN_TYPE = YES_ERROR;
				GCC_WARN_UNDECLARED_SELECTOR = YES;
				GCC_WARN_UNINITIALIZED_AUTOS = YES_AGGRESSIVE;
				GCC_WARN_UNUSED_FUNCTION = YES;
				GCC_WARN_UNUSED_VARIABLE = YES;
				IPHONEOS_DEPLOYMENT_TARGET = 10.1;
				MTL_ENABLE_DEBUG_INFO = YES;
				ONLY_ACTIVE_ARCH = YES;
				SDKROOT = iphoneos;
				SWIFT_ACTIVE_COMPILATION_CONDITIONS = DEBUG;
				SWIFT_OPTIMIZATION_LEVEL = "-Onone";
			};
			name = Debug;
		};
		18614E951E02523600E0E967 /* Release */ = {
			isa = XCBuildConfiguration;
			buildSettings = {
				ALWAYS_SEARCH_USER_PATHS = NO;
				CLANG_ANALYZER_NONNULL = YES;
				CLANG_CXX_LANGUAGE_STANDARD = "gnu++0x";
				CLANG_CXX_LIBRARY = "libc++";
				CLANG_ENABLE_MODULES = YES;
				CLANG_ENABLE_OBJC_ARC = YES;
				CLANG_WARN_BOOL_CONVERSION = YES;
				CLANG_WARN_CONSTANT_CONVERSION = YES;
				CLANG_WARN_DIRECT_OBJC_ISA_USAGE = YES_ERROR;
				CLANG_WARN_DOCUMENTATION_COMMENTS = YES;
				CLANG_WARN_EMPTY_BODY = YES;
				CLANG_WARN_ENUM_CONVERSION = YES;
				CLANG_WARN_INFINITE_RECURSION = YES;
				CLANG_WARN_INT_CONVERSION = YES;
				CLANG_WARN_OBJC_ROOT_CLASS = YES_ERROR;
				CLANG_WARN_SUSPICIOUS_MOVES = YES;
				CLANG_WARN_UNREACHABLE_CODE = YES;
				CLANG_WARN__DUPLICATE_METHOD_MATCH = YES;
				"CODE_SIGN_IDENTITY[sdk=iphoneos*]" = "iPhone Developer";
				COPY_PHASE_STRIP = NO;
				DEBUG_INFORMATION_FORMAT = "dwarf-with-dsym";
				ENABLE_NS_ASSERTIONS = NO;
				ENABLE_STRICT_OBJC_MSGSEND = YES;
				GCC_C_LANGUAGE_STANDARD = gnu99;
				GCC_NO_COMMON_BLOCKS = YES;
				GCC_WARN_64_TO_32_BIT_CONVERSION = YES;
				GCC_WARN_ABOUT_RETURN_TYPE = YES_ERROR;
				GCC_WARN_UNDECLARED_SELECTOR = YES;
				GCC_WARN_UNINITIALIZED_AUTOS = YES_AGGRESSIVE;
				GCC_WARN_UNUSED_FUNCTION = YES;
				GCC_WARN_UNUSED_VARIABLE = YES;
				IPHONEOS_DEPLOYMENT_TARGET = 10.1;
				MTL_ENABLE_DEBUG_INFO = NO;
				SDKROOT = iphoneos;
				SWIFT_OPTIMIZATION_LEVEL = "-Owholemodule";
				VALIDATE_PRODUCT = YES;
			};
			name = Release;
		};
		18614E971E02523600E0E967 /* Debug */ = {
			isa = XCBuildConfiguration;
			baseConfigurationReference = C44C8288073DDEE52CA2E654 /* Pods-QSExtensionSwift.debug.xcconfig */;
			buildSettings = {
				ASSETCATALOG_COMPILER_APPICON_NAME = AppIcon;
				DEVELOPMENT_TEAM = Y6KJ5Z4R4Z;
				INFOPLIST_FILE = "test-searchview-swift/Info.plist";
				IPHONEOS_DEPLOYMENT_TARGET = 8.0;
				LD_RUNPATH_SEARCH_PATHS = "$(inherited) @executable_path/Frameworks";
				PRODUCT_BUNDLE_IDENTIFIER = "FSTM.test-searchview-swift";
				PRODUCT_NAME = "$(TARGET_NAME)";
				SWIFT_OBJC_BRIDGING_HEADER = "";
				SWIFT_VERSION = 3.0;
			};
			name = Debug;
		};
		18614E981E02523600E0E967 /* Release */ = {
			isa = XCBuildConfiguration;
			baseConfigurationReference = 47CB6FEA9C32367795623B98 /* Pods-QSExtensionSwift.release.xcconfig */;
			buildSettings = {
				ASSETCATALOG_COMPILER_APPICON_NAME = AppIcon;
				DEVELOPMENT_TEAM = Y6KJ5Z4R4Z;
				INFOPLIST_FILE = "test-searchview-swift/Info.plist";
				IPHONEOS_DEPLOYMENT_TARGET = 8.0;
				LD_RUNPATH_SEARCH_PATHS = "$(inherited) @executable_path/Frameworks";
				PRODUCT_BUNDLE_IDENTIFIER = "FSTM.test-searchview-swift";
				PRODUCT_NAME = "$(TARGET_NAME)";
				SWIFT_OBJC_BRIDGING_HEADER = "";
				SWIFT_VERSION = 3.0;
			};
			name = Release;
		};
/* End XCBuildConfiguration section */

/* Begin XCConfigurationList section */
		18614E7F1E02523600E0E967 /* Build configuration list for PBXProject "QSExtensionSwift" */ = {
			isa = XCConfigurationList;
			buildConfigurations = (
				18614E941E02523600E0E967 /* Debug */,
				18614E951E02523600E0E967 /* Release */,
			);
			defaultConfigurationIsVisible = 0;
			defaultConfigurationName = Release;
		};
		18614E961E02523600E0E967 /* Build configuration list for PBXNativeTarget "QSExtensionSwift" */ = {
			isa = XCConfigurationList;
			buildConfigurations = (
				18614E971E02523600E0E967 /* Debug */,
				18614E981E02523600E0E967 /* Release */,
			);
			defaultConfigurationIsVisible = 0;
			defaultConfigurationName = Release;
		};
/* End XCConfigurationList section */
	};
	rootObject = 18614E7C1E02523600E0E967 /* Project object */;
}
